# THIS IS AN AUTOGENERATED FILE. DO NOT EDIT THIS FILE DIRECTLY.
# yarn lockfile v1


sn-stylekit@2.0.22:
  version "2.0.22"
  resolved "https://registry.yarnpkg.com/sn-stylekit/-/sn-stylekit-2.0.22.tgz#1ead6ed7ab6e2f4dd12759dc82b88d88d10d877e"
  integrity sha512-35BZbKCQQoYunmFMrMGA7OP7gkGoBJvNixfwlPXu7ep/ZhC+8NShrs7m+zYEvToZJG3Hc/709UgrzbgMYEz6FA==
