# THIS IS AN AUTOGENERATED FILE. DO NOT EDIT THIS FILE DIRECTLY.
# yarn lockfile v1


sn-stylekit@2.0.14:
  version "2.0.14"
  resolved "https://registry.yarnpkg.com/sn-stylekit/-/sn-stylekit-2.0.14.tgz#1afca270a672d9220af8c379d07e3ea3d1d10d9c"
  integrity sha512-48RqEhxLbvDrEmY+SgiQg8IbeAlf0bjtHk/RAhMNwGc9ZrUgBoxMyxJJgUZeKiyx+dm8POfaxpsgzHBG9Qix+A==
